
Microsoft Visual Studio Solution File, Format Version 12.00
# Visual Studio Version 17
VisualStudioVersion = 17.0.31903.59
MinimumVisualStudioVersion = 10.0.40219.1
Project("{FAE04EC0-301F-11D3-BF4B-00C04F79EFBC}") = "AppHost1", "AppHost1\AppHost1.csproj", "{B4D03986-9D58-404C-86F4-64404F071A97}"
EndProject
Project("{2150E333-8FDC-42A3-9474-1A3956D46DE8}") = "Prueba 2", "Prueba 2", "{85B59870-43C9-4669-B93D-50BCDA112FA0}"
EndProject
Project("{FAE04EC0-301F-11D3-BF4B-00C04F79EFBC}") = "AppHost2", "Prueba 2\AppHost2\AppHost2.csproj", "{D666637A-2958-4B5C-8C68-13544D2864D3}"
EndProject
Global
	GlobalSection(SolutionConfigurationPlatforms) = preSolution
		Debug|Any CPU = Debug|Any CPU
		Release|Any CPU = Release|Any CPU
	EndGlobalSection
	GlobalSection(SolutionProperties) = preSolution
		HideSolutionNode = FALSE
	EndGlobalSection
	GlobalSection(ProjectConfigurationPlatforms) = postSolution
		{B4D03986-9D58-404C-86F4-64404F071A97}.Debug|Any CPU.ActiveCfg = Debug|Any CPU
		{B4D03986-9D58-404C-86F4-64404F071A97}.Debug|Any CPU.Build.0 = Debug|Any CPU
		{B4D03986-9D58-404C-86F4-64404F071A97}.Release|Any CPU.ActiveCfg = Release|Any CPU
		{B4D03986-9D58-404C-86F4-64404F071A97}.Release|Any CPU.Build.0 = Release|Any CPU
		{D666637A-2958-4B5C-8C68-13544D2864D3}.Debug|Any CPU.ActiveCfg = Debug|Any CPU
		{D666637A-2958-4B5C-8C68-13544D2864D3}.Debug|Any CPU.Build.0 = Debug|Any CPU
		{D666637A-2958-4B5C-8C68-13544D2864D3}.Release|Any CPU.ActiveCfg = Release|Any CPU
		{D666637A-2958-4B5C-8C68-13544D2864D3}.Release|Any CPU.Build.0 = Release|Any CPU
	EndGlobalSection
	GlobalSection(NestedProjects) = preSolution
		{D666637A-2958-4B5C-8C68-13544D2864D3} = {85B59870-43C9-4669-B93D-50BCDA112FA0}
	EndGlobalSection
EndGlobal
